
Microsoft Visual Studio Solution File, Format Version 12.00
# Visual Studio 15
VisualStudioVersion = 15.0.28010.2041
MinimumVisualStudioVersion = 10.0.40219.1
Project("{9A19103F-16F7-4668-BE54-9A1E7A4F7556}") = "Homework 05-20-19", "Homework 05-20-19\Homework 05-20-19.csproj", "{7CEEE76E-66CC-4D10-BCAB-A9C6F88A4C26}"
EndProject
Project("{9A19103F-16F7-4668-BE54-9A1E7A4F7556}") = "Url.Data", "Url.Data\Url.Data.csproj", "{FD749DBC-ECEA-49B5-8F86-81C2E53AD408}"
EndProject
Global
	GlobalSection(SolutionConfigurationPlatforms) = preSolution
		Debug|Any CPU = Debug|Any CPU
		Release|Any CPU = Release|Any CPU
	EndGlobalSection
	GlobalSection(ProjectConfigurationPlatforms) = postSolution
		{7CEEE76E-66CC-4D10-BCAB-A9C6F88A4C26}.Debug|Any CPU.ActiveCfg = Debug|Any CPU
		{7CEEE76E-66CC-4D10-BCAB-A9C6F88A4C26}.Debug|Any CPU.Build.0 = Debug|Any CPU
		{7CEEE76E-66CC-4D10-BCAB-A9C6F88A4C26}.Release|Any CPU.ActiveCfg = Release|Any CPU
		{7CEEE76E-66CC-4D10-BCAB-A9C6F88A4C26}.Release|Any CPU.Build.0 = Release|Any CPU
		{FD749DBC-ECEA-49B5-8F86-81C2E53AD408}.Debug|Any CPU.ActiveCfg = Debug|Any CPU
		{FD749DBC-ECEA-49B5-8F86-81C2E53AD408}.Debug|Any CPU.Build.0 = Debug|Any CPU
		{FD749DBC-ECEA-49B5-8F86-81C2E53AD408}.Release|Any CPU.ActiveCfg = Release|Any CPU
		{FD749DBC-ECEA-49B5-8F86-81C2E53AD408}.Release|Any CPU.Build.0 = Release|Any CPU
	EndGlobalSection
	GlobalSection(SolutionProperties) = preSolution
		HideSolutionNode = FALSE
	EndGlobalSection
	GlobalSection(ExtensibilityGlobals) = postSolution
		SolutionGuid = {DD1D6CF4-C851-4218-8163-7FD71B4615A2}
	EndGlobalSection
EndGlobal
